{
  "requires": true,
  "lockfileVersion": 1,
  "dependencies": {
    "@types/node": {
      "version": "14.14.25",
      "resolved": "https://registry.npmjs.org/@types/node/-/node-14.14.25.tgz",
      "integrity": "sha512-EPpXLOVqDvisVxtlbvzfyqSsFeQxltFbluZNRndIb8tr9KiBnYNLzrc1N3pyKUCww2RNrfHDViqDWWE1LCJQtQ=="
    },
    "ical-generator": {
      "version": "1.15.4",
      "resolved": "https://registry.npmjs.org/ical-generator/-/ical-generator-1.15.4.tgz",
      "integrity": "sha512-drXe4RLkfNlvDvdy/E6BUI9p+01L3ySK1ufNEYI9TxNKG9ZA3G60QWoZvD1dtmH4scwDxYu6/sZBPJvYVNrj8A==",
      "dev": true,
      "requires": {
        "moment-timezone": "^0.5.32"
      }
    },
    "moment": {
      "version": "2.29.1",
      "resolved": "https://registry.npmjs.org/moment/-/moment-2.29.1.tgz",
      "integrity": "sha512-kHmoybcPV8Sqy59DwNDY3Jefr64lK/by/da0ViFcuA4DH0vQg5Q6Ze5VimxkfQNSC+Mls/Kx53s7TjP1RhFEDQ==",
      "dev": true
    },
    "moment-timezone": {
      "version": "0.5.33",
      "resolved": "https://registry.npmjs.org/moment-timezone/-/moment-timezone-0.5.33.tgz",
      "integrity": "sha512-PTc2vcT8K9J5/9rDEPe5czSIKgLoGsH8UNpA4qZTVw0Vd/Uz19geE9abbIOQKaAQFcnQ3v5YEXrbSc5BpshH+w==",
      "dev": true,
      "requires": {
        "moment": ">= 2.9.0"
      }
    }
  }
}
